Microsoft Visual Studio Solution File, Format Version 12.00
# Visual Studio Version 17
VisualStudioVersion = 17.5.2.0
MinimumVisualStudioVersion = 10.0.40219.1
Project("{FAE04EC0-301F-11D3-BF4B-00C04F79EFBC}") = "ToggeleRanking", "ToggeleRanking.csproj", "{9F188E78-D423-3755-FFAB-1C429B0C8DA9}"
EndProject
Global
	GlobalSection(SolutionConfigurationPlatforms) = preSolution
		Debug|Any CPU = Debug|Any CPU
		Release|Any CPU = Release|Any CPU
	EndGlobalSection
	GlobalSection(ProjectConfigurationPlatforms) = postSolution
		{9F188E78-D423-3755-FFAB-1C429B0C8DA9}.Debug|Any CPU.ActiveCfg = Debug|Any CPU
		{9F188E78-D423-3755-FFAB-1C429B0C8DA9}.Debug|Any CPU.Build.0 = Debug|Any CPU
		{9F188E78-D423-3755-FFAB-1C429B0C8DA9}.Release|Any CPU.ActiveCfg = Release|Any CPU
		{9F188E78-D423-3755-FFAB-1C429B0C8DA9}.Release|Any CPU.Build.0 = Release|Any CPU
	EndGlobalSection
	GlobalSection(SolutionProperties) = preSolution
		HideSolutionNode = FALSE
	EndGlobalSection
	GlobalSection(ExtensibilityGlobals) = postSolution
		SolutionGuid = {3CAEFF3F-D159-42D0-965F-C32BED9BA219}
	EndGlobalSection
EndGlobal
